
Microsoft Visual Studio Solution File, Format Version 12.00
# Visual Studio Version 17
VisualStudioVersion = 17.11.35219.272
MinimumVisualStudioVersion = 10.0.40219.1
Project("{FAE04EC0-301F-11D3-BF4B-00C04F79EFBC}") = "Exercise5", "Exercise5\Exercise5.csproj", "{9837BAEC-5A00-4D3E-9B6A-B57F5771878D}"
EndProject
Global
	GlobalSection(SolutionConfigurationPlatforms) = preSolution
		Debug|Any CPU = Debug|Any CPU
		Release|Any CPU = Release|Any CPU
	EndGlobalSection
	GlobalSection(ProjectConfigurationPlatforms) = postSolution
		{9837BAEC-5A00-4D3E-9B6A-B57F5771878D}.Debug|Any CPU.ActiveCfg = Debug|Any CPU
		{9837BAEC-5A00-4D3E-9B6A-B57F5771878D}.Debug|Any CPU.Build.0 = Debug|Any CPU
		{9837BAEC-5A00-4D3E-9B6A-B57F5771878D}.Release|Any CPU.ActiveCfg = Release|Any CPU
		{9837BAEC-5A00-4D3E-9B6A-B57F5771878D}.Release|Any CPU.Build.0 = Release|Any CPU
	EndGlobalSection
	GlobalSection(SolutionProperties) = preSolution
		HideSolutionNode = FALSE
	EndGlobalSection
	GlobalSection(ExtensibilityGlobals) = postSolution
		SolutionGuid = {AEE1E181-86F0-406A-BAD8-04163BDF1E2D}
	EndGlobalSection
EndGlobal
